// !$*UTF8*$!
{
	archiveVersion = 1;
	classes = {
	};
	objectVersion = 50;
	objects = {

/* Begin PBXBuildFile section */
		B816B04A23A9F4C10071B187 /* AppDelegate.swift in Sources */ = {isa = PBXBuildFile; fileRef = B816B04923A9F4C10071B187 /* AppDelegate.swift */; };
		B816B04C23A9F4C10071B187 /* SceneDelegate.swift in Sources */ = {isa = PBXBuildFile; fileRef = B816B04B23A9F4C10071B187 /* SceneDelegate.swift */; };
		B816B04E23A9F4C10071B187 /* ViewController.swift in Sources */ = {isa = PBXBuildFile; fileRef = B816B04D23A9F4C10071B187 /* ViewController.swift */; };
		B816B05123A9F4C10071B187 /* Main.storyboard in Resources */ = {isa = PBXBuildFile; fileRef = B816B04F23A9F4C10071B187 /* Main.storyboard */; };
		B816B05323A9F4C40071B187 /* Assets.xcassets in Resources */ = {isa = PBXBuildFile; fileRef = B816B05223A9F4C40071B187 /* Assets.xcassets */; };
		B816B05623A9F4C40071B187 /* LaunchScreen.storyboard in Resources */ = {isa = PBXBuildFile; fileRef = B816B05423A9F4C40071B187 /* LaunchScreen.storyboard */; };
		B81770B223AC6CAE00F47EE9 /* SwiftApiViewController.swift in Sources */ = {isa = PBXBuildFile; fileRef = B81770B123AC6CAE00F47EE9 /* SwiftApiViewController.swift */; };
		B81770B423AC73EF00F47EE9 /* SwiftZhouQiViewController.swift in Sources */ = {isa = PBXBuildFile; fileRef = B81770B323AC73EF00F47EE9 /* SwiftZhouQiViewController.swift */; };
		B830702123AB6DC3002AA4AA /* MainDelegateViewController.swift in Sources */ = {isa = PBXBuildFile; fileRef = B830702023AB6DC3002AA4AA /* MainDelegateViewController.swift */; };
		B830702423AB74D2002AA4AA /* SegueTestViewController.swift in Sources */ = {isa = PBXBuildFile; fileRef = B830702323AB74D2002AA4AA /* SegueTestViewController.swift */; };
		B830702623AB8528002AA4AA /* SegueStoryboard.storyboard in Resources */ = {isa = PBXBuildFile; fileRef = B830702523AB8528002AA4AA /* SegueStoryboard.storyboard */; };
		B830702823AB8C80002AA4AA /* Protocol.swift in Sources */ = {isa = PBXBuildFile; fileRef = B830702723AB8C80002AA4AA /* Protocol.swift */; };
		B830702A23AB8E9A002AA4AA /* ChooseColorViewController.swift in Sources */ = {isa = PBXBuildFile; fileRef = B830702923AB8E9A002AA4AA /* ChooseColorViewController.swift */; };
		B874629F23AA00730074F77F /* TabBarViewController.swift in Sources */ = {isa = PBXBuildFile; fileRef = B874629E23AA00730074F77F /* TabBarViewController.swift */; };
		B87462C223AB12930074F77F /* OneViewController.swift in Sources */ = {isa = PBXBuildFile; fileRef = B87462C123AB12930074F77F /* OneViewController.swift */; };
		B87462C523AB12C60074F77F /* TwoViewController.swift in Sources */ = {isa = PBXBuildFile; fileRef = B87462C423AB12C60074F77F /* TwoViewController.swift */; };
		B87462C823AB13140074F77F /* ThreeViewController.swift in Sources */ = {isa = PBXBuildFile; fileRef = B87462C723AB13130074F77F /* ThreeViewController.swift */; };
		B87462CB23AB133B0074F77F /* FourViewController.swift in Sources */ = {isa = PBXBuildFile; fileRef = B87462CA23AB133B0074F77F /* FourViewController.swift */; };
/* End PBXBuildFile section */

/* Begin PBXFileReference section */
		B816B04623A9F4C10071B187 /* PengCode_Swift.app */ = {isa = PBXFileReference; explicitFileType = wrapper.application; includeInIndex = 0; path = PengCode_Swift.app; sourceTree = BUILT_PRODUCTS_DIR; };
		B816B04923A9F4C10071B187 /* AppDelegate.swift */ = {isa = PBXFileReference; lastKnownFileType = sourcecode.swift; path = AppDelegate.swift; sourceTree = "<group>"; };
		B816B04B23A9F4C10071B187 /* SceneDelegate.swift */ = {isa = PBXFileReference; lastKnownFileType = sourcecode.swift; path = SceneDelegate.swift; sourceTree = "<group>"; };
		B816B04D23A9F4C10071B187 /* ViewController.swift */ = {isa = PBXFileReference; lastKnownFileType = sourcecode.swift; path = ViewController.swift; sourceTree = "<group>"; };
		B816B05023A9F4C10071B187 /* Base */ = {isa = PBXFileReference; lastKnownFileType = file.storyboard; name = Base; path = Base.lproj/Main.storyboard; sourceTree = "<group>"; };
		B816B05223A9F4C40071B187 /* Assets.xcassets */ = {isa = PBXFileReference; lastKnownFileType = folder.assetcatalog; path = Assets.xcassets; sourceTree = "<group>"; };
		B816B05523A9F4C40071B187 /* Base */ = {isa = PBXFileReference; lastKnownFileType = file.storyboard; name = Base; path = Base.lproj/LaunchScreen.storyboard; sourceTree = "<group>"; };
		B816B05723A9F4C40071B187 /* Info.plist */ = {isa = PBXFileReference; lastKnownFileType = text.plist.xml; path = Info.plist; sourceTree = "<group>"; };
		B81770B123AC6CAE00F47EE9 /* SwiftApiViewController.swift */ = {isa = PBXFileReference; lastKnownFileType = sourcecode.swift; path = SwiftApiViewController.swift; sourceTree = "<group>"; };
		B81770B323AC73EF00F47EE9 /* SwiftZhouQiViewController.swift */ = {isa = PBXFileReference; lastKnownFileType = sourcecode.swift; path = SwiftZhouQiViewController.swift; sourceTree = "<group>"; };
		B830702023AB6DC3002AA4AA /* MainDelegateViewController.swift */ = {isa = PBXFileReference; lastKnownFileType = sourcecode.swift; path = MainDelegateViewController.swift; sourceTree = "<group>"; };
		B830702323AB74D2002AA4AA /* SegueTestViewController.swift */ = {isa = PBXFileReference; lastKnownFileType = sourcecode.swift; path = SegueTestViewController.swift; sourceTree = "<group>"; };
		B830702523AB8528002AA4AA /* SegueStoryboard.storyboard */ = {isa = PBXFileReference; lastKnownFileType = file.storyboard; path = SegueStoryboard.storyboard; sourceTree = "<group>"; };
		B830702723AB8C80002AA4AA /* Protocol.swift */ = {isa = PBXFileReference; lastKnownFileType = sourcecode.swift; path = Protocol.swift; sourceTree = "<group>"; };
		B830702923AB8E9A002AA4AA /* ChooseColorViewController.swift */ = {isa = PBXFileReference; lastKnownFileType = sourcecode.swift; path = ChooseColorViewController.swift; sourceTree = "<group>"; };
		B874629E23AA00730074F77F /* TabBarViewController.swift */ = {isa = PBXFileReference; lastKnownFileType = sourcecode.swift; path = TabBarViewController.swift; sourceTree = "<group>"; };
		B87462C123AB12930074F77F /* OneViewController.swift */ = {isa = PBXFileReference; lastKnownFileType = sourcecode.swift; path = OneViewController.swift; sourceTree = "<group>"; };
		B87462C423AB12C60074F77F /* TwoViewController.swift */ = {isa = PBXFileReference; lastKnownFileType = sourcecode.swift; path = TwoViewController.swift; sourceTree = "<group>"; };
		B87462C723AB13130074F77F /* ThreeViewController.swift */ = {isa = PBXFileReference; lastKnownFileType = sourcecode.swift; path = ThreeViewController.swift; sourceTree = "<group>"; };
		B87462CA23AB133B0074F77F /* FourViewController.swift */ = {isa = PBXFileReference; lastKnownFileType = sourcecode.swift; path = FourViewController.swift; sourceTree = "<group>"; };
/* End PBXFileReference section */

/* Begin PBXFrameworksBuildPhase section */
		B816B04323A9F4C10071B187 /* Frameworks */ = {
			isa = PBXFrameworksBuildPhase;
			buildActionMask = 2147483647;
			files = (
			);
			runOnlyForDeploymentPostprocessing = 0;
		};
/* End PBXFrameworksBuildPhase section */

/* Begin PBXGroup section */
		B816B03D23A9F4C10071B187 = {
			isa = PBXGroup;
			children = (
				B816B04823A9F4C10071B187 /* PengCode_Swift */,
				B816B04723A9F4C10071B187 /* Products */,
			);
			sourceTree = "<group>";
		};
		B816B04723A9F4C10071B187 /* Products */ = {
			isa = PBXGroup;
			children = (
				B816B04623A9F4C10071B187 /* PengCode_Swift.app */,
			);
			name = Products;
			sourceTree = "<group>";
		};
		B816B04823A9F4C10071B187 /* PengCode_Swift */ = {
			isa = PBXGroup;
			children = (
				B87462C923AB13280074F77F /* Me */,
				B87462C623AB12EB0074F77F /* Community */,
				B87462C323AB129B0074F77F /* Shop */,
				B87462C023AB12460074F77F /* Home */,
				B816B04923A9F4C10071B187 /* AppDelegate.swift */,
				B816B04B23A9F4C10071B187 /* SceneDelegate.swift */,
				B874629E23AA00730074F77F /* TabBarViewController.swift */,
				B816B04D23A9F4C10071B187 /* ViewController.swift */,
				B816B04F23A9F4C10071B187 /* Main.storyboard */,
				B816B05223A9F4C40071B187 /* Assets.xcassets */,
				B816B05423A9F4C40071B187 /* LaunchScreen.storyboard */,
				B816B05723A9F4C40071B187 /* Info.plist */,
			);
			path = PengCode_Swift;
			sourceTree = "<group>";
		};
		B81770B023AC6C6B00F47EE9 /* SwiftApi */ = {
			isa = PBXGroup;
			children = (
				B81770B123AC6CAE00F47EE9 /* SwiftApiViewController.swift */,
				B81770B323AC73EF00F47EE9 /* SwiftZhouQiViewController.swift */,
			);
			path = SwiftApi;
			sourceTree = "<group>";
		};
		B830701F23AB6D85002AA4AA /* DelegateDemo */ = {
			isa = PBXGroup;
			children = (
				B830702023AB6DC3002AA4AA /* MainDelegateViewController.swift */,
				B830702923AB8E9A002AA4AA /* ChooseColorViewController.swift */,
				B830702723AB8C80002AA4AA /* Protocol.swift */,
			);
			path = DelegateDemo;
			sourceTree = "<group>";
		};
		B830702223AB7493002AA4AA /* Segue */ = {
			isa = PBXGroup;
			children = (
				B830702323AB74D2002AA4AA /* SegueTestViewController.swift */,
				B830702523AB8528002AA4AA /* SegueStoryboard.storyboard */,
			);
			path = Segue;
			sourceTree = "<group>";
		};
		B87462C023AB12460074F77F /* Home */ = {
			isa = PBXGroup;
			children = (
				B87462C123AB12930074F77F /* OneViewController.swift */,
				B81770B023AC6C6B00F47EE9 /* SwiftApi */,
				B830702223AB7493002AA4AA /* Segue */,
				B830701F23AB6D85002AA4AA /* DelegateDemo */,
			);
			path = Home;
			sourceTree = "<group>";
		};
		B87462C323AB129B0074F77F /* Shop */ = {
			isa = PBXGroup;
			children = (
				B87462C423AB12C60074F77F /* TwoViewController.swift */,
			);
			path = Shop;
			sourceTree = "<group>";
		};
		B87462C623AB12EB0074F77F /* Community */ = {
			isa = PBXGroup;
			children = (
				B87462C723AB13130074F77F /* ThreeViewController.swift */,
			);
			path = Community;
			sourceTree = "<group>";
		};
		B87462C923AB13280074F77F /* Me */ = {
			isa = PBXGroup;
			children = (
				B87462CA23AB133B0074F77F /* FourViewController.swift */,
			);
			path = Me;
			sourceTree = "<group>";
		};
/* End PBXGroup section */

/* Begin PBXNativeTarget section */
		B816B04523A9F4C10071B187 /* PengCode_Swift */ = {
			isa = PBXNativeTarget;
			buildConfigurationList = B816B05A23A9F4C40071B187 /* Build configuration list for PBXNativeTarget "PengCode_Swift" */;
			buildPhases = (
				B816B04223A9F4C10071B187 /* Sources */,
				B816B04323A9F4C10071B187 /* Frameworks */,
				B816B04423A9F4C10071B187 /* Resources */,
			);
			buildRules = (
			);
			dependencies = (
			);
			name = PengCode_Swift;
			productName = PengCode_Swift;
			productReference = B816B04623A9F4C10071B187 /* PengCode_Swift.app */;
			productType = "com.apple.product-type.application";
		};
/* End PBXNativeTarget section */

/* Begin PBXProject section */
		B816B03E23A9F4C10071B187 /* Project object */ = {
			isa = PBXProject;
			attributes = {
				LastSwiftUpdateCheck = 1120;
				LastUpgradeCheck = 1120;
				ORGANIZATIONNAME = peng;
				TargetAttributes = {
					B816B04523A9F4C10071B187 = {
						CreatedOnToolsVersion = 11.2.1;
					};
				};
			};
			buildConfigurationList = B816B04123A9F4C10071B187 /* Build configuration list for PBXProject "PengCode_Swift" */;
			compatibilityVersion = "Xcode 9.3";
			developmentRegion = en;
			hasScannedForEncodings = 0;
			knownRegions = (
				en,
				Base,
			);
			mainGroup = B816B03D23A9F4C10071B187;
			productRefGroup = B816B04723A9F4C10071B187 /* Products */;
			projectDirPath = "";
			projectRoot = "";
			targets = (
				B816B04523A9F4C10071B187 /* PengCode_Swift */,
			);
		};
/* End PBXProject section */

/* Begin PBXResourcesBuildPhase section */
		B816B04423A9F4C10071B187 /* Resources */ = {
			isa = PBXResourcesBuildPhase;
			buildActionMask = 2147483647;
			files = (
				B816B05623A9F4C40071B187 /* LaunchScreen.storyboard in Resources */,
				B816B05323A9F4C40071B187 /* Assets.xcassets in Resources */,
				B816B05123A9F4C10071B187 /* Main.storyboard in Resources */,
				B830702623AB8528002AA4AA /* SegueStoryboard.storyboard in Resources */,
			);
			runOnlyForDeploymentPostprocessing = 0;
		};
/* End PBXResourcesBuildPhase section */

/* Begin PBXSourcesBuildPhase section */
		B816B04223A9F4C10071B187 /* Sources */ = {
			isa = PBXSourcesBuildPhase;
			buildActionMask = 2147483647;
			files = (
				B874629F23AA00730074F77F /* TabBarViewController.swift in Sources */,
				B830702A23AB8E9A002AA4AA /* ChooseColorViewController.swift in Sources */,
				B816B04E23A9F4C10071B187 /* ViewController.swift in Sources */,
				B81770B223AC6CAE00F47EE9 /* SwiftApiViewController.swift in Sources */,
				B87462C223AB12930074F77F /* OneViewController.swift in Sources */,
				B87462C823AB13140074F77F /* ThreeViewController.swift in Sources */,
				B87462C523AB12C60074F77F /* TwoViewController.swift in Sources */,
				B816B04A23A9F4C10071B187 /* AppDelegate.swift in Sources */,
				B830702823AB8C80002AA4AA /* Protocol.swift in Sources */,
				B87462CB23AB133B0074F77F /* FourViewController.swift in Sources */,
				B816B04C23A9F4C10071B187 /* SceneDelegate.swift in Sources */,
				B830702423AB74D2002AA4AA /* SegueTestViewController.swift in Sources */,
				B81770B423AC73EF00F47EE9 /* SwiftZhouQiViewController.swift in Sources */,
				B830702123AB6DC3002AA4AA /* MainDelegateViewController.swift in Sources */,
			);
			runOnlyForDeploymentPostprocessing = 0;
		};
/* End PBXSourcesBuildPhase section */

/* Begin PBXVariantGroup section */
		B816B04F23A9F4C10071B187 /* Main.storyboard */ = {
			isa = PBXVariantGroup;
			children = (
				B816B05023A9F4C10071B187 /* Base */,
			);
			name = Main.storyboard;
			sourceTree = "<group>";
		};
		B816B05423A9F4C40071B187 /* LaunchScreen.storyboard */ = {
			isa = PBXVariantGroup;
			children = (
				B816B05523A9F4C40071B187 /* Base */,
			);
			name = LaunchScreen.storyboard;
			sourceTree = "<group>";
		};
/* End PBXVariantGroup section */

/* Begin XCBuildConfiguration section */
		B816B05823A9F4C40071B187 /* Debug */ = {
			isa = XCBuildConfiguration;
			buildSettings = {
				ALWAYS_SEARCH_USER_PATHS = NO;
				CLANG_ANALYZER_NONNULL = YES;
				CLANG_ANALYZER_NUMBER_OBJECT_CONVERSION = YES_AGGRESSIVE;
				CLANG_CXX_LANGUAGE_STANDARD = "gnu++14";
				CLANG_CXX_LIBRARY = "libc++";
				CLANG_ENABLE_MODULES = YES;
				CLANG_ENABLE_OBJC_ARC = YES;
				CLANG_ENABLE_OBJC_WEAK = YES;
				CLANG_WARN_BLOCK_CAPTURE_AUTORELEASING = YES;
				CLANG_WARN_BOOL_CONVERSION = YES;
				CLANG_WARN_COMMA = YES;
				CLANG_WARN_CONSTANT_CONVERSION = YES;
				CLANG_WARN_DEPRECATED_OBJC_IMPLEMENTATIONS = YES;
				CLANG_WARN_DIRECT_OBJC_ISA_USAGE = YES_ERROR;
				CLANG_WARN_DOCUMENTATION_COMMENTS = YES;
				CLANG_WARN_EMPTY_BODY = YES;
				CLANG_WARN_ENUM_CONVERSION = YES;
				CLANG_WARN_INFINITE_RECURSION = YES;
				CLANG_WARN_INT_CONVERSION = YES;
				CLANG_WARN_NON_LITERAL_NULL_CONVERSION = YES;
				CLANG_WARN_OBJC_IMPLICIT_RETAIN_SELF = YES;
				CLANG_WARN_OBJC_LITERAL_CONVERSION = YES;
				CLANG_WARN_OBJC_ROOT_CLASS = YES_ERROR;
				CLANG_WARN_RANGE_LOOP_ANALYSIS = YES;
				CLANG_WARN_STRICT_PROTOTYPES = YES;
				CLANG_WARN_SUSPICIOUS_MOVE = YES;
				CLANG_WARN_UNGUARDED_AVAILABILITY = YES_AGGRESSIVE;
				CLANG_WARN_UNREACHABLE_CODE = YES;
				CLANG_WARN__DUPLICATE_METHOD_MATCH = YES;
				COPY_PHASE_STRIP = NO;
				DEBUG_INFORMATION_FORMAT = dwarf;
				ENABLE_STRICT_OBJC_MSGSEND = YES;
				ENABLE_TESTABILITY = YES;
				GCC_C_LANGUAGE_STANDARD = gnu11;
				GCC_DYNAMIC_NO_PIC = NO;
				GCC_NO_COMMON_BLOCKS = YES;
				GCC_OPTIMIZATION_LEVEL = 0;
				GCC_PREPROCESSOR_DEFINITIONS = (
					"DEBUG=1",
					"$(inherited)",
				);
				GCC_WARN_64_TO_32_BIT_CONVERSION = YES;
				GCC_WARN_ABOUT_RETURN_TYPE = YES_ERROR;
				GCC_WARN_UNDECLARED_SELECTOR = YES;
				GCC_WARN_UNINITIALIZED_AUTOS = YES_AGGRESSIVE;
				GCC_WARN_UNUSED_FUNCTION = YES;
				GCC_WARN_UNUSED_VARIABLE = YES;
				IPHONEOS_DEPLOYMENT_TARGET = 10.0;
				MTL_ENABLE_DEBUG_INFO = INCLUDE_SOURCE;
				MTL_FAST_MATH = YES;
				ONLY_ACTIVE_ARCH = YES;
				SDKROOT = iphoneos;
				SWIFT_ACTIVE_COMPILATION_CONDITIONS = DEBUG;
				SWIFT_OPTIMIZATION_LEVEL = "-Onone";
			};
			name = Debug;
		};
		B816B05923A9F4C40071B187 /* Release */ = {
			isa = XCBuildConfiguration;
			buildSettings = {
				ALWAYS_SEARCH_USER_PATHS = NO;
				CLANG_ANALYZER_NONNULL = YES;
				CLANG_ANALYZER_NUMBER_OBJECT_CONVERSION = YES_AGGRESSIVE;
				CLANG_CXX_LANGUAGE_STANDARD = "gnu++14";
				CLANG_CXX_LIBRARY = "libc++";
				CLANG_ENABLE_MODULES = YES;
				CLANG_ENABLE_OBJC_ARC = YES;
				CLANG_ENABLE_OBJC_WEAK = YES;
				CLANG_WARN_BLOCK_CAPTURE_AUTORELEASING = YES;
				CLANG_WARN_BOOL_CONVERSION = YES;
				CLANG_WARN_COMMA = YES;
				CLANG_WARN_CONSTANT_CONVERSION = YES;
				CLANG_WARN_DEPRECATED_OBJC_IMPLEMENTATIONS = YES;
				CLANG_WARN_DIRECT_OBJC_ISA_USAGE = YES_ERROR;
				CLANG_WARN_DOCUMENTATION_COMMENTS = YES;
				CLANG_WARN_EMPTY_BODY = YES;
				CLANG_WARN_ENUM_CONVERSION = YES;
				CLANG_WARN_INFINITE_RECURSION = YES;
				CLANG_WARN_INT_CONVERSION = YES;
				CLANG_WARN_NON_LITERAL_NULL_CONVERSION = YES;
				CLANG_WARN_OBJC_IMPLICIT_RETAIN_SELF = YES;
				CLANG_WARN_OBJC_LITERAL_CONVERSION = YES;
				CLANG_WARN_OBJC_ROOT_CLASS = YES_ERROR;
				CLANG_WARN_RANGE_LOOP_ANALYSIS = YES;
				CLANG_WARN_STRICT_PROTOTYPES = YES;
				CLANG_WARN_SUSPICIOUS_MOVE = YES;
				CLANG_WARN_UNGUARDED_AVAILABILITY = YES_AGGRESSIVE;
				CLANG_WARN_UNREACHABLE_CODE = YES;
				CLANG_WARN__DUPLICATE_METHOD_MATCH = YES;
				COPY_PHASE_STRIP = NO;
				DEBUG_INFORMATION_FORMAT = "dwarf-with-dsym";
				ENABLE_NS_ASSERTIONS = NO;
				ENABLE_STRICT_OBJC_MSGSEND = YES;
				GCC_C_LANGUAGE_STANDARD = gnu11;
				GCC_NO_COMMON_BLOCKS = YES;
				GCC_WARN_64_TO_32_BIT_CONVERSION = YES;
				GCC_WARN_ABOUT_RETURN_TYPE = YES_ERROR;
				GCC_WARN_UNDECLARED_SELECTOR = YES;
				GCC_WARN_UNINITIALIZED_AUTOS = YES_AGGRESSIVE;
				GCC_WARN_UNUSED_FUNCTION = YES;
				GCC_WARN_UNUSED_VARIABLE = YES;
				IPHONEOS_DEPLOYMENT_TARGET = 10.0;
				MTL_ENABLE_DEBUG_INFO = NO;
				MTL_FAST_MATH = YES;
				SDKROOT = iphoneos;
				SWIFT_COMPILATION_MODE = wholemodule;
				SWIFT_OPTIMIZATION_LEVEL = "-O";
				VALIDATE_PRODUCT = YES;
			};
			name = Release;
		};
		B816B05B23A9F4C40071B187 /* Debug */ = {
			isa = XCBuildConfiguration;
			buildSettings = {
				ASSETCATALOG_COMPILER_APPICON_NAME = AppIcon;
				CODE_SIGN_STYLE = Automatic;
				DEVELOPMENT_TEAM = B468USHWLY;
				INFOPLIST_FILE = PengCode_Swift/Info.plist;
				LD_RUNPATH_SEARCH_PATHS = (
					"$(inherited)",
					"@executable_path/Frameworks",
				);
				PRODUCT_BUNDLE_IDENTIFIER = "cn.com.future-plus.pengcode";
				PRODUCT_NAME = "$(TARGET_NAME)";
				SWIFT_VERSION = 5.0;
				TARGETED_DEVICE_FAMILY = "1,2";
			};
			name = Debug;
		};
		B816B05C23A9F4C40071B187 /* Release */ = {
			isa = XCBuildConfiguration;
			buildSettings = {
				ASSETCATALOG_COMPILER_APPICON_NAME = AppIcon;
				CODE_SIGN_STYLE = Automatic;
				DEVELOPMENT_TEAM = B468USHWLY;
				INFOPLIST_FILE = PengCode_Swift/Info.plist;
				LD_RUNPATH_SEARCH_PATHS = (
					"$(inherited)",
					"@executable_path/Frameworks",
				);
				PRODUCT_BUNDLE_IDENTIFIER = "cn.com.future-plus.pengcode";
				PRODUCT_NAME = "$(TARGET_NAME)";
				SWIFT_VERSION = 5.0;
				TARGETED_DEVICE_FAMILY = "1,2";
			};
			name = Release;
		};
/* End XCBuildConfiguration section */

/* Begin XCConfigurationList section */
		B816B04123A9F4C10071B187 /* Build configuration list for PBXProject "PengCode_Swift" */ = {
			isa = XCConfigurationList;
			buildConfigurations = (
				B816B05823A9F4C40071B187 /* Debug */,
				B816B05923A9F4C40071B187 /* Release */,
			);
			defaultConfigurationIsVisible = 0;
			defaultConfigurationName = Release;
		};
		B816B05A23A9F4C40071B187 /* Build configuration list for PBXNativeTarget "PengCode_Swift" */ = {
			isa = XCConfigurationList;
			buildConfigurations = (
				B816B05B23A9F4C40071B187 /* Debug */,
				B816B05C23A9F4C40071B187 /* Release */,
			);
			defaultConfigurationIsVisible = 0;
			defaultConfigurationName = Release;
		};
/* End XCConfigurationList section */
	};
	rootObject = B816B03E23A9F4C10071B187 /* Project object */;
}
